{
	"name": "@3d-dice/fdp",
	"version": "0.1.4",
	"lockfileVersion": 1,
	"requires": true,
	"dependencies": {
		"@3d-dice/dice-roller-parser": {
			"version": "0.2.5",
			"resolved": "https://registry.npmjs.org/@3d-dice/dice-roller-parser/-/dice-roller-parser-0.2.5.tgz",
			"integrity": "sha512-kUtuAedSKixPqVVhpTJ1NCP2KWOwXEybeKV7X1bjBa97QzqfA2SpqaZUQac8eRzuJosyPLu31+a1EHwMKrPNTw=="
		}
	}
}
