{
	"name": "@3d-dice/fdp",
	"version": "0.1.1",
	"lockfileVersion": 1,
	"requires": true,
	"dependencies": {
		"@3d-dice/dice-roller-parser": {
			"version": "0.2.3",
			"resolved": "https://registry.npmjs.org/@3d-dice/dice-roller-parser/-/dice-roller-parser-0.2.3.tgz",
			"integrity": "sha512-ZuU1g4DaS4u8EGiCW50k4iUOfBK+gReL4geQh+UbpoTF2ViEgT/QKPeV3vIbLzfYEYvTI9s0l3KPsJPTZ3IU6g=="
		}
	}
}
