{
  "name": "@3d-dice/dice-parser-interface",
  "version": "0.2.1",
  "lockfileVersion": 2,
  "requires": true,
  "packages": {
    "": {
      "name": "@3d-dice/dice-parser-interface",
      "version": "0.2.0",
      "license": "MIT",
      "dependencies": {
        "@3d-dice/dice-roller-parser": "^0.2.6"
      }
    },
    "node_modules/@3d-dice/dice-roller-parser": {
      "version": "0.2.6",
      "resolved": "https://registry.npmjs.org/@3d-dice/dice-roller-parser/-/dice-roller-parser-0.2.6.tgz",
      "integrity": "sha512-9dMSX0bqKZ5BQ+HABE4c4ZY1/VPUqtQd+gXKAHPMcFbY3cCMOPy327ZQ/LHdptS7VNZCGPriybIQrg7efYIQEw=="
    }
  },
  "dependencies": {
    "@3d-dice/dice-roller-parser": {
      "version": "0.2.6",
      "resolved": "https://registry.npmjs.org/@3d-dice/dice-roller-parser/-/dice-roller-parser-0.2.6.tgz",
      "integrity": "sha512-9dMSX0bqKZ5BQ+HABE4c4ZY1/VPUqtQd+gXKAHPMcFbY3cCMOPy327ZQ/LHdptS7VNZCGPriybIQrg7efYIQEw=="
    }
  }
}
